{
  "version": 4,
  "terraform_version": "1.15.7",
  "serial": 1,
  "lineage": "2c42e67a-bbbf-c359-0e5c-e5dda689ffe8",
  "outputs": {
    "port_forward_command": {
      "value": "kubectl port-forward -n devops-helm svc/devops-app-svc 18080:80",
      "type": "string"
    },
    "runtime_contract": {
      "value": {
        "app_log_level": "debug",
        "database_host": "postgres-svc",
        "namespace": "devops-helm",
        "release": "devops-app",
        "replicas": 1,
        "runtime": "kubernetes-helm"
      },
      "type": [
        "object",
        {
          "app_log_level": "string",
          "database_host": "string",
          "namespace": "string",
          "release": "string",
          "replicas": "number",
          "runtime": "string"
        }
      ]
    }
  },
  "resources": [
    {
      "mode": "managed",
      "type": "helm_release",
      "name": "devops_app",
      "provider": "provider[\"registry.terraform.io/hashicorp/helm\"]",
      "instances": [
        {
          "schema_version": 1,
          "attributes": {
            "atomic": false,
            "chart": "./../devops-app-chart",
            "cleanup_on_fail": false,
            "create_namespace": true,
            "dependency_update": false,
            "description": null,
            "devel": null,
            "disable_crd_hooks": false,
            "disable_openapi_validation": false,
            "disable_webhooks": false,
            "force_update": false,
            "id": "devops-app",
            "keyring": null,
            "lint": false,
            "manifest": null,
            "max_history": 0,
            "metadata": [
              {
                "app_version": "1.0.0",
                "chart": "devops-app",
                "first_deployed": 1782980603,
                "last_deployed": 1782980603,
                "name": "devops-app",
                "namespace": "devops-helm",
                "notes": "Application installée.\n\nPort-forward :\n  kubectl port-forward -n devops-helm svc/devops-app-svc 18080:80\n\nVérification :\n  curl http://localhost:18080/\n  curl http://localhost:18080/health",
                "revision": 1,
                "values": "{\"config\":{\"appLogLevel\":\"debug\",\"nodeEnv\":\"development\"},\"image\":{\"tag\":\"1.0.0\"},\"replicaCount\":1,\"resources\":{\"limits\":{\"cpu\":\"100m\",\"memory\":\"128Mi\"},\"requests\":{\"cpu\":\"50m\",\"memory\":\"64Mi\"}},\"secret\":{\"dbPassword\":\"(sensitive value)\"}}",
                "version": "0.1.0"
              }
            ],
            "name": "devops-app",
            "namespace": "devops-helm",
            "pass_credentials": false,
            "postrender": [],
            "recreate_pods": false,
            "render_subchart_notes": true,
            "replace": false,
            "repository": null,
            "repository_ca_file": null,
            "repository_cert_file": null,
            "repository_key_file": null,
            "repository_password": null,
            "repository_username": null,
            "reset_values": false,
            "reuse_values": false,
            "set": [
              {
                "name": "config.appLogLevel",
                "type": "",
                "value": "debug"
              },
              {
                "name": "image.tag",
                "type": "",
                "value": "1.0.0"
              },
              {
                "name": "replicaCount",
                "type": "",
                "value": "1"
              }
            ],
            "set_list": [],
            "set_sensitive": [
              {
                "name": "secret.dbPassword",
                "type": "",
                "value": "secret123"
              }
            ],
            "skip_crds": false,
            "status": "deployed",
            "timeout": 300,
            "upgrade_install": null,
            "values": [
              "replicaCount: 1\n\nimage:\n  tag: \"1.0.0\"\n\nconfig:\n  nodeEnv: development\n  appLogLevel: debug\n\nresources:\n  requests:\n    cpu: 50m\n    memory: 64Mi\n  limits:\n    cpu: 100m\n    memory: 128Mi"
            ],
            "verify": false,
            "version": "0.1.0",
            "wait": true,
            "wait_for_jobs": false
          },
          "sensitive_attributes": [
            [
              {
                "type": "get_attr",
                "value": "repository_password"
              }
            ],
            [
              {
                "type": "get_attr",
                "value": "set_sensitive"
              }
            ]
          ],
          "identity_schema_version": 0,
          "private": "eyJzY2hlbWFfdmVyc2lvbiI6IjEifQ=="
        }
      ]
    }
  ],
  "check_results": null
}
